
Microsoft Visual Studio Solution File, Format Version 12.00
# Visual Studio 15
VisualStudioVersion = 15.0.28307.102
MinimumVisualStudioVersion = 10.0.40219.1
Project("{8BC9CEB8-8B4A-11D0-8D11-00A0C91BC942}") = "QUIZ", "QUIZ\QUIZ.vcxproj", "{E5BC9B49-C273-4207-8F35-B08966C6DF37}"
EndProject
Global
	GlobalSection(SolutionConfigurationPlatforms) = preSolution
		Debug|x64 = Debug|x64
		Debug|x86 = Debug|x86
		Release|x64 = Release|x64
		Release|x86 = Release|x86
	EndGlobalSection
	GlobalSection(ProjectConfigurationPlatforms) = postSolution
		{E5BC9B49-C273-4207-8F35-B08966C6DF37}.Debug|x64.ActiveCfg = Debug|x64
		{E5BC9B49-C273-4207-8F35-B08966C6DF37}.Debug|x64.Build.0 = Debug|x64
		{E5BC9B49-C273-4207-8F35-B08966C6DF37}.Debug|x86.ActiveCfg = Debug|Win32
		{E5BC9B49-C273-4207-8F35-B08966C6DF37}.Debug|x86.Build.0 = Debug|Win32
		{E5BC9B49-C273-4207-8F35-B08966C6DF37}.Release|x64.ActiveCfg = Release|x64
		{E5BC9B49-C273-4207-8F35-B08966C6DF37}.Release|x64.Build.0 = Release|x64
		{E5BC9B49-C273-4207-8F35-B08966C6DF37}.Release|x86.ActiveCfg = Release|Win32
		{E5BC9B49-C273-4207-8F35-B08966C6DF37}.Release|x86.Build.0 = Release|Win32
	EndGlobalSection
	GlobalSection(SolutionProperties) = preSolution
		HideSolutionNode = FALSE
	EndGlobalSection
	GlobalSection(ExtensibilityGlobals) = postSolution
		SolutionGuid = {F3CCD3A5-9B42-4D71-BD89-1899872588E6}
	EndGlobalSection
EndGlobal
